// !$*UTF8*$!
{
	archiveVersion = 1;
	classes = {
	};
	objectVersion = 77;
	objects = {

/* Begin PBXBuildFile section */
		3B3E99E52CCBCA04007C5A68 /* GradientLayer.swift in Sources */ = {isa = PBXBuildFile; fileRef = 3B3E99E42CCBCA04007C5A68 /* GradientLayer.swift */; };
		3B4292642CD1031300427371 /* MessageView.swift in Sources */ = {isa = PBXBuildFile; fileRef = 3B4292632CD1031300427371 /* MessageView.swift */; };
		3B457C5E2CC9254D007F651E /* Extensions.swift in Sources */ = {isa = PBXBuildFile; fileRef = 3B457C5D2CC9254D007F651E /* Extensions.swift */; };
		3B457C602CC93C7B007F651E /* CourseModel.swift in Sources */ = {isa = PBXBuildFile; fileRef = 3B457C5F2CC93C7B007F651E /* CourseModel.swift */; };
		3B457C622CC93E65007F651E /* CourseCategoryTypes.swift in Sources */ = {isa = PBXBuildFile; fileRef = 3B457C612CC93E65007F651E /* CourseCategoryTypes.swift */; };
		3BA3B4B02CD24E2F007307BD /* Constants.swift in Sources */ = {isa = PBXBuildFile; fileRef = 3BA3B4AF2CD24E2F007307BD /* Constants.swift */; };
		3BC739E62CCAAA4F008A6290 /* CourseDetailView.swift in Sources */ = {isa = PBXBuildFile; fileRef = 3BC739E52CCAAA4F008A6290 /* CourseDetailView.swift */; };
		3BE1A7E62CCFCE4D00124EEE /* Config.xcconfig in Resources */ = {isa = PBXBuildFile; fileRef = 3BE1A7E52CCFCE4D00124EEE /* Config.xcconfig */; };
		3BE1A7EA2CCFD1D500124EEE /* GoogleGenerativeAI in Frameworks */ = {isa = PBXBuildFile; productRef = 3BE1A7E92CCFD1D500124EEE /* GoogleGenerativeAI */; };
		3BE1A7EC2CD0233200124EEE /* APIKey.swift in Sources */ = {isa = PBXBuildFile; fileRef = 3BE1A7EB2CD0233200124EEE /* APIKey.swift */; };
		3BE1A7EE2CD026CD00124EEE /* MessageModel.swift in Sources */ = {isa = PBXBuildFile; fileRef = 3BE1A7ED2CD026CD00124EEE /* MessageModel.swift */; };
		3BE1A7F02CD02E3F00124EEE /* CourseTestView.swift in Sources */ = {isa = PBXBuildFile; fileRef = 3BE1A7EF2CD02E3F00124EEE /* CourseTestView.swift */; };
		3BE56EC92CC7CD7800600A4B /* RootView.swift in Sources */ = {isa = PBXBuildFile; fileRef = 3BE56EC62CC7CD7800600A4B /* RootView.swift */; };
		3BE56ECA2CC7CD7800600A4B /* RescueMindApp.swift in Sources */ = {isa = PBXBuildFile; fileRef = 3BE56EC72CC7CD7800600A4B /* RescueMindApp.swift */; };
		3BE56ECB2CC7CD7800600A4B /* Preview Assets.xcassets in Resources */ = {isa = PBXBuildFile; fileRef = 3BE56EBE2CC7CD7800600A4B /* Preview Assets.xcassets */; };
		3BE56ECC2CC7CD7800600A4B /* Assets.xcassets in Resources */ = {isa = PBXBuildFile; fileRef = 3BE56EC32CC7CD7800600A4B /* Assets.xcassets */; };
		3BE56ED22CC7D52000600A4B /* CustomTabBarTabTypes.swift in Sources */ = {isa = PBXBuildFile; fileRef = 3BE56ED12CC7D52000600A4B /* CustomTabBarTabTypes.swift */; };
		3BE56ED52CC7DB1D00600A4B /* CustomTabBarView.swift in Sources */ = {isa = PBXBuildFile; fileRef = 3BE56ED42CC7DB1D00600A4B /* CustomTabBarView.swift */; };
		3BE56EDA2CC7DD9700600A4B /* HomeView.swift in Sources */ = {isa = PBXBuildFile; fileRef = 3BE56ED92CC7DD9700600A4B /* HomeView.swift */; };
		3BE56EDC2CC7DDB000600A4B /* ScenarioView.swift in Sources */ = {isa = PBXBuildFile; fileRef = 3BE56EDB2CC7DDB000600A4B /* ScenarioView.swift */; };
		3BE56EDE2CC7DE2E00600A4B /* SettingsView.swift in Sources */ = {isa = PBXBuildFile; fileRef = 3BE56EDD2CC7DE2E00600A4B /* SettingsView.swift */; };
		3BFDCAE62CCE852B007C6B9D /* CourseDetailSubTitles.swift in Sources */ = {isa = PBXBuildFile; fileRef = 3BFDCAE52CCE852B007C6B9D /* CourseDetailSubTitles.swift */; };
		3BFDCAE92CCED78B007C6B9D /* HomeViewViewModel.swift in Sources */ = {isa = PBXBuildFile; fileRef = 3BFDCAE82CCED78B007C6B9D /* HomeViewViewModel.swift */; };
/* End PBXBuildFile section */

/* Begin PBXFileReference section */
		3B3E99E42CCBCA04007C5A68 /* GradientLayer.swift */ = {isa = PBXFileReference; lastKnownFileType = sourcecode.swift; path = GradientLayer.swift; sourceTree = "<group>"; };
		3B4292632CD1031300427371 /* MessageView.swift */ = {isa = PBXFileReference; lastKnownFileType = sourcecode.swift; path = MessageView.swift; sourceTree = "<group>"; };
		3B457C5D2CC9254D007F651E /* Extensions.swift */ = {isa = PBXFileReference; lastKnownFileType = sourcecode.swift; path = Extensions.swift; sourceTree = "<group>"; };
		3B457C5F2CC93C7B007F651E /* CourseModel.swift */ = {isa = PBXFileReference; lastKnownFileType = sourcecode.swift; path = CourseModel.swift; sourceTree = "<group>"; };
		3B457C612CC93E65007F651E /* CourseCategoryTypes.swift */ = {isa = PBXFileReference; lastKnownFileType = sourcecode.swift; path = CourseCategoryTypes.swift; sourceTree = "<group>"; };
		3BA3B4AF2CD24E2F007307BD /* Constants.swift */ = {isa = PBXFileReference; lastKnownFileType = sourcecode.swift; path = Constants.swift; sourceTree = "<group>"; };
		3BC739E52CCAAA4F008A6290 /* CourseDetailView.swift */ = {isa = PBXFileReference; lastKnownFileType = sourcecode.swift; path = CourseDetailView.swift; sourceTree = "<group>"; };
		3BE1A7E52CCFCE4D00124EEE /* Config.xcconfig */ = {isa = PBXFileReference; lastKnownFileType = text.xcconfig; path = Config.xcconfig; sourceTree = "<group>"; };
		3BE1A7E72CCFCEA400124EEE /* Info.plist */ = {isa = PBXFileReference; lastKnownFileType = text.plist; path = Info.plist; sourceTree = "<group>"; };
		3BE1A7EB2CD0233200124EEE /* APIKey.swift */ = {isa = PBXFileReference; lastKnownFileType = sourcecode.swift; path = APIKey.swift; sourceTree = "<group>"; };
		3BE1A7ED2CD026CD00124EEE /* MessageModel.swift */ = {isa = PBXFileReference; lastKnownFileType = sourcecode.swift; path = MessageModel.swift; sourceTree = "<group>"; };
		3BE1A7EF2CD02E3F00124EEE /* CourseTestView.swift */ = {isa = PBXFileReference; lastKnownFileType = sourcecode.swift; path = CourseTestView.swift; sourceTree = "<group>"; };
		3BE56E9E2CC7C3E500600A4B /* RescueMind.app */ = {isa = PBXFileReference; explicitFileType = wrapper.application; includeInIndex = 0; path = RescueMind.app; sourceTree = BUILT_PRODUCTS_DIR; };
		3BE56EBE2CC7CD7800600A4B /* Preview Assets.xcassets */ = {isa = PBXFileReference; lastKnownFileType = folder.assetcatalog; path = "Preview Assets.xcassets"; sourceTree = "<group>"; };
		3BE56EC32CC7CD7800600A4B /* Assets.xcassets */ = {isa = PBXFileReference; lastKnownFileType = folder.assetcatalog; path = Assets.xcassets; sourceTree = "<group>"; };
		3BE56EC62CC7CD7800600A4B /* RootView.swift */ = {isa = PBXFileReference; lastKnownFileType = sourcecode.swift; path = RootView.swift; sourceTree = "<group>"; };
		3BE56EC72CC7CD7800600A4B /* RescueMindApp.swift */ = {isa = PBXFileReference; lastKnownFileType = sourcecode.swift; path = RescueMindApp.swift; sourceTree = "<group>"; };
		3BE56ED12CC7D52000600A4B /* CustomTabBarTabTypes.swift */ = {isa = PBXFileReference; lastKnownFileType = sourcecode.swift; path = CustomTabBarTabTypes.swift; sourceTree = "<group>"; };
		3BE56ED42CC7DB1D00600A4B /* CustomTabBarView.swift */ = {isa = PBXFileReference; lastKnownFileType = sourcecode.swift; path = CustomTabBarView.swift; sourceTree = "<group>"; };
		3BE56ED92CC7DD9700600A4B /* HomeView.swift */ = {isa = PBXFileReference; lastKnownFileType = sourcecode.swift; path = HomeView.swift; sourceTree = "<group>"; };
		3BE56EDB2CC7DDB000600A4B /* ScenarioView.swift */ = {isa = PBXFileReference; lastKnownFileType = sourcecode.swift; path = ScenarioView.swift; sourceTree = "<group>"; };
		3BE56EDD2CC7DE2E00600A4B /* SettingsView.swift */ = {isa = PBXFileReference; lastKnownFileType = sourcecode.swift; path = SettingsView.swift; sourceTree = "<group>"; };
		3BFDCAE52CCE852B007C6B9D /* CourseDetailSubTitles.swift */ = {isa = PBXFileReference; lastKnownFileType = sourcecode.swift; path = CourseDetailSubTitles.swift; sourceTree = "<group>"; };
		3BFDCAE82CCED78B007C6B9D /* HomeViewViewModel.swift */ = {isa = PBXFileReference; lastKnownFileType = sourcecode.swift; path = HomeViewViewModel.swift; sourceTree = "<group>"; };
/* End PBXFileReference section */

/* Begin PBXFrameworksBuildPhase section */
		3BE56E9B2CC7C3E500600A4B /* Frameworks */ = {
			isa = PBXFrameworksBuildPhase;
			buildActionMask = 2147483647;
			files = (
				3BE1A7EA2CCFD1D500124EEE /* GoogleGenerativeAI in Frameworks */,
			);
			runOnlyForDeploymentPostprocessing = 0;
		};
/* End PBXFrameworksBuildPhase section */

/* Begin PBXGroup section */
		3B3E99E32CCBC9A2007C5A68 /* Components */ = {
			isa = PBXGroup;
			children = (
				3B3E99E42CCBCA04007C5A68 /* GradientLayer.swift */,
				3BFDCAE52CCE852B007C6B9D /* CourseDetailSubTitles.swift */,
				3B4292632CD1031300427371 /* MessageView.swift */,
			);
			path = Components;
			sourceTree = "<group>";
		};
		3BE56E952CC7C3E500600A4B = {
			isa = PBXGroup;
			children = (
				3BE56EC82CC7CD7800600A4B /* RescueMind */,
				3BE56E9F2CC7C3E500600A4B /* Products */,
			);
			sourceTree = "<group>";
		};
		3BE56E9F2CC7C3E500600A4B /* Products */ = {
			isa = PBXGroup;
			children = (
				3BE56E9E2CC7C3E500600A4B /* RescueMind.app */,
			);
			name = Products;
			sourceTree = "<group>";
		};
		3BE56EB92CC7CD7800600A4B /* Home */ = {
			isa = PBXGroup;
			children = (
				3BE56ED62CC7DD7F00600A4B /* Views */,
				3BFDCAE72CCED772007C6B9D /* ViewModel */,
			);
			path = Home;
			sourceTree = "<group>";
		};
		3BE56EBA2CC7CD7800600A4B /* Root */ = {
			isa = PBXGroup;
			children = (
				3BE56ECF2CC7CDE900600A4B /* Views */,
			);
			path = Root;
			sourceTree = "<group>";
		};
		3BE56EBB2CC7CD7800600A4B /* Scenarios */ = {
			isa = PBXGroup;
			children = (
				3BE56ED72CC7DD8600600A4B /* Views */,
			);
			path = Scenarios;
			sourceTree = "<group>";
		};
		3BE56EBC2CC7CD7800600A4B /* Core */ = {
			isa = PBXGroup;
			children = (
				3BE56EBA2CC7CD7800600A4B /* Root */,
				3BE56EB92CC7CD7800600A4B /* Home */,
				3BE56EBB2CC7CD7800600A4B /* Scenarios */,
				3BE56ECE2CC7CDC700600A4B /* Settings */,
				3B3E99E32CCBC9A2007C5A68 /* Components */,
			);
			path = Core;
			sourceTree = "<group>";
		};
		3BE56EBD2CC7CD7800600A4B /* Models */ = {
			isa = PBXGroup;
			children = (
				3BE56ED12CC7D52000600A4B /* CustomTabBarTabTypes.swift */,
				3B457C5F2CC93C7B007F651E /* CourseModel.swift */,
				3B457C612CC93E65007F651E /* CourseCategoryTypes.swift */,
				3BE1A7ED2CD026CD00124EEE /* MessageModel.swift */,
			);
			path = Models;
			sourceTree = "<group>";
		};
		3BE56EBF2CC7CD7800600A4B /* Preview Content */ = {
			isa = PBXGroup;
			children = (
				3BE56EBE2CC7CD7800600A4B /* Preview Assets.xcassets */,
			);
			path = "Preview Content";
			sourceTree = "<group>";
		};
		3BE56EC12CC7CD7800600A4B /* Helpers */ = {
			isa = PBXGroup;
			children = (
				3BE1A7EB2CD0233200124EEE /* APIKey.swift */,
				3B457C5D2CC9254D007F651E /* Extensions.swift */,
				3BA3B4AF2CD24E2F007307BD /* Constants.swift */,
			);
			path = Helpers;
			sourceTree = "<group>";
		};
		3BE56EC42CC7CD7800600A4B /* Resources */ = {
			isa = PBXGroup;
			children = (
				3BE56EC32CC7CD7800600A4B /* Assets.xcassets */,
			);
			path = Resources;
			sourceTree = "<group>";
		};
		3BE56EC52CC7CD7800600A4B /* Utilities */ = {
			isa = PBXGroup;
			children = (
				3BE56EC12CC7CD7800600A4B /* Helpers */,
				3BE56EC42CC7CD7800600A4B /* Resources */,
			);
			path = Utilities;
			sourceTree = "<group>";
		};
		3BE56EC82CC7CD7800600A4B /* RescueMind */ = {
			isa = PBXGroup;
			children = (
				3BE1A7E72CCFCEA400124EEE /* Info.plist */,
				3BE1A7E52CCFCE4D00124EEE /* Config.xcconfig */,
				3BE56EBC2CC7CD7800600A4B /* Core */,
				3BE56EBD2CC7CD7800600A4B /* Models */,
				3BE56EC52CC7CD7800600A4B /* Utilities */,
				3BE56EBF2CC7CD7800600A4B /* Preview Content */,
			);
			path = RescueMind;
			sourceTree = "<group>";
		};
		3BE56ECE2CC7CDC700600A4B /* Settings */ = {
			isa = PBXGroup;
			children = (
				3BE56ED82CC7DD8A00600A4B /* Views */,
			);
			path = Settings;
			sourceTree = "<group>";
		};
		3BE56ECF2CC7CDE900600A4B /* Views */ = {
			isa = PBXGroup;
			children = (
				3BE56EC72CC7CD7800600A4B /* RescueMindApp.swift */,
				3BE56EC62CC7CD7800600A4B /* RootView.swift */,
				3BE56ED42CC7DB1D00600A4B /* CustomTabBarView.swift */,
			);
			path = Views;
			sourceTree = "<group>";
		};
		3BE56ED62CC7DD7F00600A4B /* Views */ = {
			isa = PBXGroup;
			children = (
				3BE56ED92CC7DD9700600A4B /* HomeView.swift */,
				3BC739E52CCAAA4F008A6290 /* CourseDetailView.swift */,
				3BE1A7EF2CD02E3F00124EEE /* CourseTestView.swift */,
			);
			path = Views;
			sourceTree = "<group>";
		};
		3BE56ED72CC7DD8600600A4B /* Views */ = {
			isa = PBXGroup;
			children = (
				3BE56EDB2CC7DDB000600A4B /* ScenarioView.swift */,
			);
			path = Views;
			sourceTree = "<group>";
		};
		3BE56ED82CC7DD8A00600A4B /* Views */ = {
			isa = PBXGroup;
			children = (
				3BE56EDD2CC7DE2E00600A4B /* SettingsView.swift */,
			);
			path = Views;
			sourceTree = "<group>";
		};
		3BFDCAE72CCED772007C6B9D /* ViewModel */ = {
			isa = PBXGroup;
			children = (
				3BFDCAE82CCED78B007C6B9D /* HomeViewViewModel.swift */,
			);
			path = ViewModel;
			sourceTree = "<group>";
		};
/* End PBXGroup section */

/* Begin PBXNativeTarget section */
		3BE56E9D2CC7C3E500600A4B /* RescueMind */ = {
			isa = PBXNativeTarget;
			buildConfigurationList = 3BE56EAC2CC7C3E900600A4B /* Build configuration list for PBXNativeTarget "RescueMind" */;
			buildPhases = (
				3BE56E9A2CC7C3E500600A4B /* Sources */,
				3BE56E9B2CC7C3E500600A4B /* Frameworks */,
				3BE56E9C2CC7C3E500600A4B /* Resources */,
			);
			buildRules = (
			);
			dependencies = (
			);
			name = RescueMind;
			packageProductDependencies = (
				3BE1A7E92CCFD1D500124EEE /* GoogleGenerativeAI */,
			);
			productName = RescueMind;
			productReference = 3BE56E9E2CC7C3E500600A4B /* RescueMind.app */;
			productType = "com.apple.product-type.application";
		};
/* End PBXNativeTarget section */

/* Begin PBXProject section */
		3BE56E962CC7C3E500600A4B /* Project object */ = {
			isa = PBXProject;
			attributes = {
				BuildIndependentTargetsInParallel = 1;
				LastSwiftUpdateCheck = 1600;
				LastUpgradeCheck = 1600;
				TargetAttributes = {
					3BE56E9D2CC7C3E500600A4B = {
						CreatedOnToolsVersion = 16.0;
					};
				};
			};
			buildConfigurationList = 3BE56E992CC7C3E500600A4B /* Build configuration list for PBXProject "RescueMind" */;
			developmentRegion = en;
			hasScannedForEncodings = 0;
			knownRegions = (
				en,
				Base,
			);
			mainGroup = 3BE56E952CC7C3E500600A4B;
			minimizedProjectReferenceProxies = 1;
			packageReferences = (
				3BE1A7E82CCFD1D500124EEE /* XCRemoteSwiftPackageReference "generative-ai-swift" */,
			);
			preferredProjectObjectVersion = 77;
			productRefGroup = 3BE56E9F2CC7C3E500600A4B /* Products */;
			projectDirPath = "";
			projectRoot = "";
			targets = (
				3BE56E9D2CC7C3E500600A4B /* RescueMind */,
			);
		};
/* End PBXProject section */

/* Begin PBXResourcesBuildPhase section */
		3BE56E9C2CC7C3E500600A4B /* Resources */ = {
			isa = PBXResourcesBuildPhase;
			buildActionMask = 2147483647;
			files = (
				3BE56ECB2CC7CD7800600A4B /* Preview Assets.xcassets in Resources */,
				3BE1A7E62CCFCE4D00124EEE /* Config.xcconfig in Resources */,
				3BE56ECC2CC7CD7800600A4B /* Assets.xcassets in Resources */,
			);
			runOnlyForDeploymentPostprocessing = 0;
		};
/* End PBXResourcesBuildPhase section */

/* Begin PBXSourcesBuildPhase section */
		3BE56E9A2CC7C3E500600A4B /* Sources */ = {
			isa = PBXSourcesBuildPhase;
			buildActionMask = 2147483647;
			files = (
				3BE56EDE2CC7DE2E00600A4B /* SettingsView.swift in Sources */,
				3BA3B4B02CD24E2F007307BD /* Constants.swift in Sources */,
				3BE56ED22CC7D52000600A4B /* CustomTabBarTabTypes.swift in Sources */,
				3BE56EC92CC7CD7800600A4B /* RootView.swift in Sources */,
				3BE1A7EE2CD026CD00124EEE /* MessageModel.swift in Sources */,
				3B457C5E2CC9254D007F651E /* Extensions.swift in Sources */,
				3BE1A7EC2CD0233200124EEE /* APIKey.swift in Sources */,
				3BE56EDC2CC7DDB000600A4B /* ScenarioView.swift in Sources */,
				3B3E99E52CCBCA04007C5A68 /* GradientLayer.swift in Sources */,
				3BE56ECA2CC7CD7800600A4B /* RescueMindApp.swift in Sources */,
				3BE1A7F02CD02E3F00124EEE /* CourseTestView.swift in Sources */,
				3B457C622CC93E65007F651E /* CourseCategoryTypes.swift in Sources */,
				3BFDCAE92CCED78B007C6B9D /* HomeViewViewModel.swift in Sources */,
				3B4292642CD1031300427371 /* MessageView.swift in Sources */,
				3BE56EDA2CC7DD9700600A4B /* HomeView.swift in Sources */,
				3BC739E62CCAAA4F008A6290 /* CourseDetailView.swift in Sources */,
				3BFDCAE62CCE852B007C6B9D /* CourseDetailSubTitles.swift in Sources */,
				3BE56ED52CC7DB1D00600A4B /* CustomTabBarView.swift in Sources */,
				3B457C602CC93C7B007F651E /* CourseModel.swift in Sources */,
			);
			runOnlyForDeploymentPostprocessing = 0;
		};
/* End PBXSourcesBuildPhase section */

/* Begin XCBuildConfiguration section */
		3BE56EAA2CC7C3E900600A4B /* Debug */ = {
			isa = XCBuildConfiguration;
			buildSettings = {
				ALWAYS_SEARCH_USER_PATHS = NO;
				ASSETCATALOG_COMPILER_GENERATE_SWIFT_ASSET_SYMBOL_EXTENSIONS = YES;
				CLANG_ANALYZER_NONNULL = YES;
				CLANG_ANALYZER_NUMBER_OBJECT_CONVERSION = YES_AGGRESSIVE;
				CLANG_CXX_LANGUAGE_STANDARD = "gnu++20";
				CLANG_ENABLE_MODULES = YES;
				CLANG_ENABLE_OBJC_ARC = YES;
				CLANG_ENABLE_OBJC_WEAK = YES;
				CLANG_WARN_BLOCK_CAPTURE_AUTORELEASING = YES;
				CLANG_WARN_BOOL_CONVERSION = YES;
				CLANG_WARN_COMMA = YES;
				CLANG_WARN_CONSTANT_CONVERSION = YES;
				CLANG_WARN_DEPRECATED_OBJC_IMPLEMENTATIONS = YES;
				CLANG_WARN_DIRECT_OBJC_ISA_USAGE = YES_ERROR;
				CLANG_WARN_DOCUMENTATION_COMMENTS = YES;
				CLANG_WARN_EMPTY_BODY = YES;
				CLANG_WARN_ENUM_CONVERSION = YES;
				CLANG_WARN_INFINITE_RECURSION = YES;
				CLANG_WARN_INT_CONVERSION = YES;
				CLANG_WARN_NON_LITERAL_NULL_CONVERSION = YES;
				CLANG_WARN_OBJC_IMPLICIT_RETAIN_SELF = YES;
				CLANG_WARN_OBJC_LITERAL_CONVERSION = YES;
				CLANG_WARN_OBJC_ROOT_CLASS = YES_ERROR;
				CLANG_WARN_QUOTED_INCLUDE_IN_FRAMEWORK_HEADER = YES;
				CLANG_WARN_RANGE_LOOP_ANALYSIS = YES;
				CLANG_WARN_STRICT_PROTOTYPES = YES;
				CLANG_WARN_SUSPICIOUS_MOVE = YES;
				CLANG_WARN_UNGUARDED_AVAILABILITY = YES_AGGRESSIVE;
				CLANG_WARN_UNREACHABLE_CODE = YES;
				CLANG_WARN__DUPLICATE_METHOD_MATCH = YES;
				COPY_PHASE_STRIP = NO;
				DEBUG_INFORMATION_FORMAT = dwarf;
				ENABLE_STRICT_OBJC_MSGSEND = YES;
				ENABLE_TESTABILITY = YES;
				ENABLE_USER_SCRIPT_SANDBOXING = YES;
				GCC_C_LANGUAGE_STANDARD = gnu17;
				GCC_DYNAMIC_NO_PIC = NO;
				GCC_NO_COMMON_BLOCKS = YES;
				GCC_OPTIMIZATION_LEVEL = 0;
				GCC_PREPROCESSOR_DEFINITIONS = (
					"DEBUG=1",
					"$(inherited)",
				);
				GCC_WARN_64_TO_32_BIT_CONVERSION = YES;
				GCC_WARN_ABOUT_RETURN_TYPE = YES_ERROR;
				GCC_WARN_UNDECLARED_SELECTOR = YES;
				GCC_WARN_UNINITIALIZED_AUTOS = YES_AGGRESSIVE;
				GCC_WARN_UNUSED_FUNCTION = YES;
				GCC_WARN_UNUSED_VARIABLE = YES;
				IPHONEOS_DEPLOYMENT_TARGET = 18.0;
				LOCALIZATION_PREFERS_STRING_CATALOGS = YES;
				MTL_ENABLE_DEBUG_INFO = INCLUDE_SOURCE;
				MTL_FAST_MATH = YES;
				ONLY_ACTIVE_ARCH = YES;
				SDKROOT = iphoneos;
				SWIFT_ACTIVE_COMPILATION_CONDITIONS = "DEBUG $(inherited)";
				SWIFT_OPTIMIZATION_LEVEL = "-Onone";
			};
			name = Debug;
		};
		3BE56EAB2CC7C3E900600A4B /* Release */ = {
			isa = XCBuildConfiguration;
			buildSettings = {
				ALWAYS_SEARCH_USER_PATHS = NO;
				ASSETCATALOG_COMPILER_GENERATE_SWIFT_ASSET_SYMBOL_EXTENSIONS = YES;
				CLANG_ANALYZER_NONNULL = YES;
				CLANG_ANALYZER_NUMBER_OBJECT_CONVERSION = YES_AGGRESSIVE;
				CLANG_CXX_LANGUAGE_STANDARD = "gnu++20";
				CLANG_ENABLE_MODULES = YES;
				CLANG_ENABLE_OBJC_ARC = YES;
				CLANG_ENABLE_OBJC_WEAK = YES;
				CLANG_WARN_BLOCK_CAPTURE_AUTORELEASING = YES;
				CLANG_WARN_BOOL_CONVERSION = YES;
				CLANG_WARN_COMMA = YES;
				CLANG_WARN_CONSTANT_CONVERSION = YES;
				CLANG_WARN_DEPRECATED_OBJC_IMPLEMENTATIONS = YES;
				CLANG_WARN_DIRECT_OBJC_ISA_USAGE = YES_ERROR;
				CLANG_WARN_DOCUMENTATION_COMMENTS = YES;
				CLANG_WARN_EMPTY_BODY = YES;
				CLANG_WARN_ENUM_CONVERSION = YES;
				CLANG_WARN_INFINITE_RECURSION = YES;
				CLANG_WARN_INT_CONVERSION = YES;
				CLANG_WARN_NON_LITERAL_NULL_CONVERSION = YES;
				CLANG_WARN_OBJC_IMPLICIT_RETAIN_SELF = YES;
				CLANG_WARN_OBJC_LITERAL_CONVERSION = YES;
				CLANG_WARN_OBJC_ROOT_CLASS = YES_ERROR;
				CLANG_WARN_QUOTED_INCLUDE_IN_FRAMEWORK_HEADER = YES;
				CLANG_WARN_RANGE_LOOP_ANALYSIS = YES;
				CLANG_WARN_STRICT_PROTOTYPES = YES;
				CLANG_WARN_SUSPICIOUS_MOVE = YES;
				CLANG_WARN_UNGUARDED_AVAILABILITY = YES_AGGRESSIVE;
				CLANG_WARN_UNREACHABLE_CODE = YES;
				CLANG_WARN__DUPLICATE_METHOD_MATCH = YES;
				COPY_PHASE_STRIP = NO;
				DEBUG_INFORMATION_FORMAT = "dwarf-with-dsym";
				ENABLE_NS_ASSERTIONS = NO;
				ENABLE_STRICT_OBJC_MSGSEND = YES;
				ENABLE_USER_SCRIPT_SANDBOXING = YES;
				GCC_C_LANGUAGE_STANDARD = gnu17;
				GCC_NO_COMMON_BLOCKS = YES;
				GCC_WARN_64_TO_32_BIT_CONVERSION = YES;
				GCC_WARN_ABOUT_RETURN_TYPE = YES_ERROR;
				GCC_WARN_UNDECLARED_SELECTOR = YES;
				GCC_WARN_UNINITIALIZED_AUTOS = YES_AGGRESSIVE;
				GCC_WARN_UNUSED_FUNCTION = YES;
				GCC_WARN_UNUSED_VARIABLE = YES;
				IPHONEOS_DEPLOYMENT_TARGET = 18.0;
				LOCALIZATION_PREFERS_STRING_CATALOGS = YES;
				MTL_ENABLE_DEBUG_INFO = NO;
				MTL_FAST_MATH = YES;
				SDKROOT = iphoneos;
				SWIFT_COMPILATION_MODE = wholemodule;
				VALIDATE_PRODUCT = YES;
			};
			name = Release;
		};
		3BE56EAD2CC7C3E900600A4B /* Debug */ = {
			isa = XCBuildConfiguration;
			baseConfigurationReference = 3BE1A7E52CCFCE4D00124EEE /* Config.xcconfig */;
			buildSettings = {
				ASSETCATALOG_COMPILER_APPICON_NAME = AppIcon;
				ASSETCATALOG_COMPILER_GLOBAL_ACCENT_COLOR_NAME = AccentColor;
				CODE_SIGN_STYLE = Automatic;
				CURRENT_PROJECT_VERSION = 1;
				DEVELOPMENT_ASSET_PATHS = "\"RescueMind/Preview Content\"";
				DEVELOPMENT_TEAM = GC4L7S8Y7X;
				ENABLE_PREVIEWS = YES;
				GENERATE_INFOPLIST_FILE = YES;
				INFOPLIST_FILE = RescueMind/Info.plist;
				INFOPLIST_KEY_UIApplicationSceneManifest_Generation = YES;
				INFOPLIST_KEY_UIApplicationSupportsIndirectInputEvents = YES;
				INFOPLIST_KEY_UILaunchScreen_Generation = YES;
				INFOPLIST_KEY_UISupportedInterfaceOrientations = UIInterfaceOrientationPortrait;
				LD_RUNPATH_SEARCH_PATHS = (
					"$(inherited)",
					"@executable_path/Frameworks",
				);
				MARKETING_VERSION = 1.0;
				PRODUCT_BUNDLE_IDENTIFIER = com.muharremkoroglu.RescueMind;
				PRODUCT_NAME = "$(TARGET_NAME)";
				SWIFT_EMIT_LOC_STRINGS = YES;
				SWIFT_VERSION = 5.0;
				TARGETED_DEVICE_FAMILY = "1,2";
			};
			name = Debug;
		};
		3BE56EAE2CC7C3E900600A4B /* Release */ = {
			isa = XCBuildConfiguration;
			baseConfigurationReference = 3BE1A7E52CCFCE4D00124EEE /* Config.xcconfig */;
			buildSettings = {
				ASSETCATALOG_COMPILER_APPICON_NAME = AppIcon;
				ASSETCATALOG_COMPILER_GLOBAL_ACCENT_COLOR_NAME = AccentColor;
				CODE_SIGN_STYLE = Automatic;
				CURRENT_PROJECT_VERSION = 1;
				DEVELOPMENT_ASSET_PATHS = "\"RescueMind/Preview Content\"";
				DEVELOPMENT_TEAM = GC4L7S8Y7X;
				ENABLE_PREVIEWS = YES;
				GENERATE_INFOPLIST_FILE = YES;
				INFOPLIST_FILE = RescueMind/Info.plist;
				INFOPLIST_KEY_UIApplicationSceneManifest_Generation = YES;
				INFOPLIST_KEY_UIApplicationSupportsIndirectInputEvents = YES;
				INFOPLIST_KEY_UILaunchScreen_Generation = YES;
				INFOPLIST_KEY_UISupportedInterfaceOrientations = UIInterfaceOrientationPortrait;
				LD_RUNPATH_SEARCH_PATHS = (
					"$(inherited)",
					"@executable_path/Frameworks",
				);
				MARKETING_VERSION = 1.0;
				PRODUCT_BUNDLE_IDENTIFIER = com.muharremkoroglu.RescueMind;
				PRODUCT_NAME = "$(TARGET_NAME)";
				SWIFT_EMIT_LOC_STRINGS = YES;
				SWIFT_VERSION = 5.0;
				TARGETED_DEVICE_FAMILY = "1,2";
			};
			name = Release;
		};
/* End XCBuildConfiguration section */

/* Begin XCConfigurationList section */
		3BE56E992CC7C3E500600A4B /* Build configuration list for PBXProject "RescueMind" */ = {
			isa = XCConfigurationList;
			buildConfigurations = (
				3BE56EAA2CC7C3E900600A4B /* Debug */,
				3BE56EAB2CC7C3E900600A4B /* Release */,
			);
			defaultConfigurationIsVisible = 0;
			defaultConfigurationName = Release;
		};
		3BE56EAC2CC7C3E900600A4B /* Build configuration list for PBXNativeTarget "RescueMind" */ = {
			isa = XCConfigurationList;
			buildConfigurations = (
				3BE56EAD2CC7C3E900600A4B /* Debug */,
				3BE56EAE2CC7C3E900600A4B /* Release */,
			);
			defaultConfigurationIsVisible = 0;
			defaultConfigurationName = Release;
		};
/* End XCConfigurationList section */

/* Begin XCRemoteSwiftPackageReference section */
		3BE1A7E82CCFD1D500124EEE /* XCRemoteSwiftPackageReference "generative-ai-swift" */ = {
			isa = XCRemoteSwiftPackageReference;
			repositoryURL = "https://github.com/google/generative-ai-swift";
			requirement = {
				kind = upToNextMajorVersion;
				minimumVersion = 0.5.6;
			};
		};
/* End XCRemoteSwiftPackageReference section */

/* Begin XCSwiftPackageProductDependency section */
		3BE1A7E92CCFD1D500124EEE /* GoogleGenerativeAI */ = {
			isa = XCSwiftPackageProductDependency;
			package = 3BE1A7E82CCFD1D500124EEE /* XCRemoteSwiftPackageReference "generative-ai-swift" */;
			productName = GoogleGenerativeAI;
		};
/* End XCSwiftPackageProductDependency section */
	};
	rootObject = 3BE56E962CC7C3E500600A4B /* Project object */;
}
